// !$*UTF8*$!
{
	archiveVersion = 1;
	classes = {
	};
	objectVersion = 56;
	objects = {

/* Begin PBXBuildFile section */
		F61EE035297AAD3200ED0423 /* AppDelegate.swift in Sources */ = {isa = PBXBuildFile; fileRef = F61EE034297AAD3200ED0423 /* AppDelegate.swift */; };
		F61EE03B297AAD3200ED0423 /* GameScene.swift in Sources */ = {isa = PBXBuildFile; fileRef = F61EE03A297AAD3200ED0423 /* GameScene.swift */; };
		F61EE03D297AAD3200ED0423 /* GameViewController.swift in Sources */ = {isa = PBXBuildFile; fileRef = F61EE03C297AAD3200ED0423 /* GameViewController.swift */; };
		F61EE040297AAD3200ED0423 /* Main.storyboard in Resources */ = {isa = PBXBuildFile; fileRef = F61EE03E297AAD3200ED0423 /* Main.storyboard */; };
		F61EE042297AAD3300ED0423 /* Assets.xcassets in Resources */ = {isa = PBXBuildFile; fileRef = F61EE041297AAD3300ED0423 /* Assets.xcassets */; };
		F61EE045297AAD3300ED0423 /* LaunchScreen.storyboard in Resources */ = {isa = PBXBuildFile; fileRef = F61EE043297AAD3300ED0423 /* LaunchScreen.storyboard */; };
		F61EE04F297AAD3300ED0423 /* Slot_Machine_GameTests.swift in Sources */ = {isa = PBXBuildFile; fileRef = F61EE04E297AAD3300ED0423 /* Slot_Machine_GameTests.swift */; };
		F61EE059297AAD3300ED0423 /* Slot_Machine_GameUITests.swift in Sources */ = {isa = PBXBuildFile; fileRef = F61EE058297AAD3300ED0423 /* Slot_Machine_GameUITests.swift */; };
		F61EE05B297AAD3300ED0423 /* Slot_Machine_GameUITestsLaunchTests.swift in Sources */ = {isa = PBXBuildFile; fileRef = F61EE05A297AAD3300ED0423 /* Slot_Machine_GameUITestsLaunchTests.swift */; };
		F61EE06A297AB7AE00ED0423 /* BackgroundNode.swift in Sources */ = {isa = PBXBuildFile; fileRef = F61EE069297AB7AE00ED0423 /* BackgroundNode.swift */; };
		F61EE06C297AC0EF00ED0423 /* JackpotNode.swift in Sources */ = {isa = PBXBuildFile; fileRef = F61EE06B297AC0EF00ED0423 /* JackpotNode.swift */; };
		F61EE073297ACE3200ED0423 /* SkLabelNodeExtension.swift in Sources */ = {isa = PBXBuildFile; fileRef = F61EE072297ACE3200ED0423 /* SkLabelNodeExtension.swift */; };
		F61EE075297B3E0000ED0423 /* SlotNode.swift in Sources */ = {isa = PBXBuildFile; fileRef = F61EE074297B3E0000ED0423 /* SlotNode.swift */; };
		F61EE077297B3E4C00ED0423 /* SlotReelNode.swift in Sources */ = {isa = PBXBuildFile; fileRef = F61EE076297B3E4C00ED0423 /* SlotReelNode.swift */; };
		F61EE079297B879100ED0423 /* InfoNode.swift in Sources */ = {isa = PBXBuildFile; fileRef = F61EE078297B879100ED0423 /* InfoNode.swift */; };
		F61EE07B297B8C3C00ED0423 /* InputNode.swift in Sources */ = {isa = PBXBuildFile; fileRef = F61EE07A297B8C3C00ED0423 /* InputNode.swift */; };
		F61EE07C297B93B700ED0423 /* Rye-Regular.ttf in Resources */ = {isa = PBXBuildFile; fileRef = F61EE06E297AC8C900ED0423 /* Rye-Regular.ttf */; };
		F61EE07E297BA5AA00ED0423 /* CuteFont-Regular.ttf in Resources */ = {isa = PBXBuildFile; fileRef = F61EE07D297BA5AA00ED0423 /* CuteFont-Regular.ttf */; };
		F61EE080297BBBCD00ED0423 /* SpinButtonNode.swift in Sources */ = {isa = PBXBuildFile; fileRef = F61EE07F297BBBCD00ED0423 /* SpinButtonNode.swift */; };
		F61EE083297BC21800ED0423 /* SpinButtonNodeDelegate.swift in Sources */ = {isa = PBXBuildFile; fileRef = F61EE082297BC21800ED0423 /* SpinButtonNodeDelegate.swift */; };
		F61EE085297BC61700ED0423 /* StringExtension.swift in Sources */ = {isa = PBXBuildFile; fileRef = F61EE084297BC61700ED0423 /* StringExtension.swift */; };
		F61EE087297BCC1800ED0423 /* QuitButtonNode.swift in Sources */ = {isa = PBXBuildFile; fileRef = F61EE086297BCC1800ED0423 /* QuitButtonNode.swift */; };
		F61EE089297BCEF900ED0423 /* ResetButtonNode.swift in Sources */ = {isa = PBXBuildFile; fileRef = F61EE088297BCEF900ED0423 /* ResetButtonNode.swift */; };
		F61EE08C297CE7D700ED0423 /* SlotMachine.swift in Sources */ = {isa = PBXBuildFile; fileRef = F61EE08B297CE7D700ED0423 /* SlotMachine.swift */; };
		F61EE08E297D2E1800ED0423 /* MessageNode.swift in Sources */ = {isa = PBXBuildFile; fileRef = F61EE08D297D2E1800ED0423 /* MessageNode.swift */; };
		F61EE090297D36EF00ED0423 /* MessageNodeDelegate.swift in Sources */ = {isa = PBXBuildFile; fileRef = F61EE08F297D36EF00ED0423 /* MessageNodeDelegate.swift */; };
/* End PBXBuildFile section */

/* Begin PBXContainerItemProxy section */
		F61EE04B297AAD3300ED0423 /* PBXContainerItemProxy */ = {
			isa = PBXContainerItemProxy;
			containerPortal = F61EE029297AAD3200ED0423 /* Project object */;
			proxyType = 1;
			remoteGlobalIDString = F61EE030297AAD3200ED0423;
			remoteInfo = "Slot Machine Game";
		};
		F61EE055297AAD3300ED0423 /* PBXContainerItemProxy */ = {
			isa = PBXContainerItemProxy;
			containerPortal = F61EE029297AAD3200ED0423 /* Project object */;
			proxyType = 1;
			remoteGlobalIDString = F61EE030297AAD3200ED0423;
			remoteInfo = "Slot Machine Game";
		};
/* End PBXContainerItemProxy section */

/* Begin PBXFileReference section */
		F61EE031297AAD3200ED0423 /* Slot Machine Game.app */ = {isa = PBXFileReference; explicitFileType = wrapper.application; includeInIndex = 0; path = "Slot Machine Game.app"; sourceTree = BUILT_PRODUCTS_DIR; };
		F61EE034297AAD3200ED0423 /* AppDelegate.swift */ = {isa = PBXFileReference; lastKnownFileType = sourcecode.swift; path = AppDelegate.swift; sourceTree = "<group>"; };
		F61EE03A297AAD3200ED0423 /* GameScene.swift */ = {isa = PBXFileReference; lastKnownFileType = sourcecode.swift; path = GameScene.swift; sourceTree = "<group>"; };
		F61EE03C297AAD3200ED0423 /* GameViewController.swift */ = {isa = PBXFileReference; lastKnownFileType = sourcecode.swift; path = GameViewController.swift; sourceTree = "<group>"; };
		F61EE03F297AAD3200ED0423 /* Base */ = {isa = PBXFileReference; lastKnownFileType = file.storyboard; name = Base; path = Base.lproj/Main.storyboard; sourceTree = "<group>"; };
		F61EE041297AAD3300ED0423 /* Assets.xcassets */ = {isa = PBXFileReference; lastKnownFileType = folder.assetcatalog; path = Assets.xcassets; sourceTree = "<group>"; };
		F61EE044297AAD3300ED0423 /* Base */ = {isa = PBXFileReference; lastKnownFileType = file.storyboard; name = Base; path = Base.lproj/LaunchScreen.storyboard; sourceTree = "<group>"; };
		F61EE04A297AAD3300ED0423 /* Slot Machine GameTests.xctest */ = {isa = PBXFileReference; explicitFileType = wrapper.cfbundle; includeInIndex = 0; path = "Slot Machine GameTests.xctest"; sourceTree = BUILT_PRODUCTS_DIR; };
		F61EE04E297AAD3300ED0423 /* Slot_Machine_GameTests.swift */ = {isa = PBXFileReference; lastKnownFileType = sourcecode.swift; path = Slot_Machine_GameTests.swift; sourceTree = "<group>"; };
		F61EE054297AAD3300ED0423 /* Slot Machine GameUITests.xctest */ = {isa = PBXFileReference; explicitFileType = wrapper.cfbundle; includeInIndex = 0; path = "Slot Machine GameUITests.xctest"; sourceTree = BUILT_PRODUCTS_DIR; };
		F61EE058297AAD3300ED0423 /* Slot_Machine_GameUITests.swift */ = {isa = PBXFileReference; lastKnownFileType = sourcecode.swift; path = Slot_Machine_GameUITests.swift; sourceTree = "<group>"; };
		F61EE05A297AAD3300ED0423 /* Slot_Machine_GameUITestsLaunchTests.swift */ = {isa = PBXFileReference; lastKnownFileType = sourcecode.swift; path = Slot_Machine_GameUITestsLaunchTests.swift; sourceTree = "<group>"; };
		F61EE069297AB7AE00ED0423 /* BackgroundNode.swift */ = {isa = PBXFileReference; lastKnownFileType = sourcecode.swift; path = BackgroundNode.swift; sourceTree = "<group>"; };
		F61EE06B297AC0EF00ED0423 /* JackpotNode.swift */ = {isa = PBXFileReference; lastKnownFileType = sourcecode.swift; path = JackpotNode.swift; sourceTree = "<group>"; };
		F61EE06E297AC8C900ED0423 /* Rye-Regular.ttf */ = {isa = PBXFileReference; lastKnownFileType = file; name = "Rye-Regular.ttf"; path = "../../../../../../../../Downloads/Rye/Rye-Regular.ttf"; sourceTree = "<group>"; };
		F61EE070297ACC2F00ED0423 /* Slot-Machine-Game-Info.plist */ = {isa = PBXFileReference; lastKnownFileType = text.plist; path = "Slot-Machine-Game-Info.plist"; sourceTree = SOURCE_ROOT; };
		F61EE072297ACE3200ED0423 /* SkLabelNodeExtension.swift */ = {isa = PBXFileReference; lastKnownFileType = sourcecode.swift; path = SkLabelNodeExtension.swift; sourceTree = "<group>"; };
		F61EE074297B3E0000ED0423 /* SlotNode.swift */ = {isa = PBXFileReference; lastKnownFileType = sourcecode.swift; path = SlotNode.swift; sourceTree = "<group>"; };
		F61EE076297B3E4C00ED0423 /* SlotReelNode.swift */ = {isa = PBXFileReference; lastKnownFileType = sourcecode.swift; path = SlotReelNode.swift; sourceTree = "<group>"; };
		F61EE078297B879100ED0423 /* InfoNode.swift */ = {isa = PBXFileReference; lastKnownFileType = sourcecode.swift; path = InfoNode.swift; sourceTree = "<group>"; };
		F61EE07A297B8C3C00ED0423 /* InputNode.swift */ = {isa = PBXFileReference; lastKnownFileType = sourcecode.swift; path = InputNode.swift; sourceTree = "<group>"; };
		F61EE07D297BA5AA00ED0423 /* CuteFont-Regular.ttf */ = {isa = PBXFileReference; lastKnownFileType = file; name = "CuteFont-Regular.ttf"; path = "../../../../../../../../Downloads/Cute_Font/CuteFont-Regular.ttf"; sourceTree = "<group>"; };
		F61EE07F297BBBCD00ED0423 /* SpinButtonNode.swift */ = {isa = PBXFileReference; lastKnownFileType = sourcecode.swift; path = SpinButtonNode.swift; sourceTree = "<group>"; };
		F61EE082297BC21800ED0423 /* SpinButtonNodeDelegate.swift */ = {isa = PBXFileReference; lastKnownFileType = sourcecode.swift; path = SpinButtonNodeDelegate.swift; sourceTree = "<group>"; };
		F61EE084297BC61700ED0423 /* StringExtension.swift */ = {isa = PBXFileReference; lastKnownFileType = sourcecode.swift; path = StringExtension.swift; sourceTree = "<group>"; };
		F61EE086297BCC1800ED0423 /* QuitButtonNode.swift */ = {isa = PBXFileReference; lastKnownFileType = sourcecode.swift; path = QuitButtonNode.swift; sourceTree = "<group>"; };
		F61EE088297BCEF900ED0423 /* ResetButtonNode.swift */ = {isa = PBXFileReference; lastKnownFileType = sourcecode.swift; path = ResetButtonNode.swift; sourceTree = "<group>"; };
		F61EE08B297CE7D700ED0423 /* SlotMachine.swift */ = {isa = PBXFileReference; lastKnownFileType = sourcecode.swift; path = SlotMachine.swift; sourceTree = "<group>"; };
		F61EE08D297D2E1800ED0423 /* MessageNode.swift */ = {isa = PBXFileReference; lastKnownFileType = sourcecode.swift; path = MessageNode.swift; sourceTree = "<group>"; };
		F61EE08F297D36EF00ED0423 /* MessageNodeDelegate.swift */ = {isa = PBXFileReference; lastKnownFileType = sourcecode.swift; path = MessageNodeDelegate.swift; sourceTree = "<group>"; };
/* End PBXFileReference section */

/* Begin PBXFrameworksBuildPhase section */
		F61EE02E297AAD3200ED0423 /* Frameworks */ = {
			isa = PBXFrameworksBuildPhase;
			buildActionMask = 2147483647;
			files = (
			);
			runOnlyForDeploymentPostprocessing = 0;
		};
		F61EE047297AAD3300ED0423 /* Frameworks */ = {
			isa = PBXFrameworksBuildPhase;
			buildActionMask = 2147483647;
			files = (
			);
			runOnlyForDeploymentPostprocessing = 0;
		};
		F61EE051297AAD3300ED0423 /* Frameworks */ = {
			isa = PBXFrameworksBuildPhase;
			buildActionMask = 2147483647;
			files = (
			);
			runOnlyForDeploymentPostprocessing = 0;
		};
/* End PBXFrameworksBuildPhase section */

/* Begin PBXGroup section */
		F61EE028297AAD3200ED0423 = {
			isa = PBXGroup;
			children = (
				F61EE033297AAD3200ED0423 /* Slot Machine Game */,
				F61EE04D297AAD3300ED0423 /* Slot Machine GameTests */,
				F61EE057297AAD3300ED0423 /* Slot Machine GameUITests */,
				F61EE032297AAD3200ED0423 /* Products */,
			);
			sourceTree = "<group>";
		};
		F61EE032297AAD3200ED0423 /* Products */ = {
			isa = PBXGroup;
			children = (
				F61EE031297AAD3200ED0423 /* Slot Machine Game.app */,
				F61EE04A297AAD3300ED0423 /* Slot Machine GameTests.xctest */,
				F61EE054297AAD3300ED0423 /* Slot Machine GameUITests.xctest */,
			);
			name = Products;
			sourceTree = "<group>";
		};
		F61EE033297AAD3200ED0423 /* Slot Machine Game */ = {
			isa = PBXGroup;
			children = (
				F61EE08A297CE7B600ED0423 /* UtilClasses */,
				F61EE081297BC1F200ED0423 /* Delegate */,
				F61EE071297ACE0F00ED0423 /* Extensions */,
				F61EE070297ACC2F00ED0423 /* Slot-Machine-Game-Info.plist */,
				F61EE06D297AC85600ED0423 /* fonts */,
				F61EE067297AB75800ED0423 /* Nodes */,
				F61EE034297AAD3200ED0423 /* AppDelegate.swift */,
				F61EE03A297AAD3200ED0423 /* GameScene.swift */,
				F61EE03C297AAD3200ED0423 /* GameViewController.swift */,
				F61EE03E297AAD3200ED0423 /* Main.storyboard */,
				F61EE041297AAD3300ED0423 /* Assets.xcassets */,
				F61EE043297AAD3300ED0423 /* LaunchScreen.storyboard */,
			);
			path = "Slot Machine Game";
			sourceTree = "<group>";
		};
		F61EE04D297AAD3300ED0423 /* Slot Machine GameTests */ = {
			isa = PBXGroup;
			children = (
				F61EE04E297AAD3300ED0423 /* Slot_Machine_GameTests.swift */,
			);
			path = "Slot Machine GameTests";
			sourceTree = "<group>";
		};
		F61EE057297AAD3300ED0423 /* Slot Machine GameUITests */ = {
			isa = PBXGroup;
			children = (
				F61EE058297AAD3300ED0423 /* Slot_Machine_GameUITests.swift */,
				F61EE05A297AAD3300ED0423 /* Slot_Machine_GameUITestsLaunchTests.swift */,
			);
			path = "Slot Machine GameUITests";
			sourceTree = "<group>";
		};
		F61EE067297AB75800ED0423 /* Nodes */ = {
			isa = PBXGroup;
			children = (
				F61EE069297AB7AE00ED0423 /* BackgroundNode.swift */,
				F61EE06B297AC0EF00ED0423 /* JackpotNode.swift */,
				F61EE074297B3E0000ED0423 /* SlotNode.swift */,
				F61EE076297B3E4C00ED0423 /* SlotReelNode.swift */,
				F61EE078297B879100ED0423 /* InfoNode.swift */,
				F61EE07A297B8C3C00ED0423 /* InputNode.swift */,
				F61EE07F297BBBCD00ED0423 /* SpinButtonNode.swift */,
				F61EE086297BCC1800ED0423 /* QuitButtonNode.swift */,
				F61EE088297BCEF900ED0423 /* ResetButtonNode.swift */,
				F61EE08D297D2E1800ED0423 /* MessageNode.swift */,
			);
			path = Nodes;
			sourceTree = "<group>";
		};
		F61EE06D297AC85600ED0423 /* fonts */ = {
			isa = PBXGroup;
			children = (
				F61EE07D297BA5AA00ED0423 /* CuteFont-Regular.ttf */,
				F61EE06E297AC8C900ED0423 /* Rye-Regular.ttf */,
			);
			path = fonts;
			sourceTree = "<group>";
		};
		F61EE071297ACE0F00ED0423 /* Extensions */ = {
			isa = PBXGroup;
			children = (
				F61EE072297ACE3200ED0423 /* SkLabelNodeExtension.swift */,
				F61EE084297BC61700ED0423 /* StringExtension.swift */,
			);
			path = Extensions;
			sourceTree = "<group>";
		};
		F61EE081297BC1F200ED0423 /* Delegate */ = {
			isa = PBXGroup;
			children = (
				F61EE082297BC21800ED0423 /* SpinButtonNodeDelegate.swift */,
				F61EE08F297D36EF00ED0423 /* MessageNodeDelegate.swift */,
			);
			path = Delegate;
			sourceTree = "<group>";
		};
		F61EE08A297CE7B600ED0423 /* UtilClasses */ = {
			isa = PBXGroup;
			children = (
				F61EE08B297CE7D700ED0423 /* SlotMachine.swift */,
			);
			path = UtilClasses;
			sourceTree = "<group>";
		};
/* End PBXGroup section */

/* Begin PBXNativeTarget section */
		F61EE030297AAD3200ED0423 /* Slot Machine Game */ = {
			isa = PBXNativeTarget;
			buildConfigurationList = F61EE05E297AAD3300ED0423 /* Build configuration list for PBXNativeTarget "Slot Machine Game" */;
			buildPhases = (
				F61EE02D297AAD3200ED0423 /* Sources */,
				F61EE02E297AAD3200ED0423 /* Frameworks */,
				F61EE02F297AAD3200ED0423 /* Resources */,
			);
			buildRules = (
			);
			dependencies = (
			);
			name = "Slot Machine Game";
			productName = "Slot Machine Game";
			productReference = F61EE031297AAD3200ED0423 /* Slot Machine Game.app */;
			productType = "com.apple.product-type.application";
		};
		F61EE049297AAD3300ED0423 /* Slot Machine GameTests */ = {
			isa = PBXNativeTarget;
			buildConfigurationList = F61EE061297AAD3300ED0423 /* Build configuration list for PBXNativeTarget "Slot Machine GameTests" */;
			buildPhases = (
				F61EE046297AAD3300ED0423 /* Sources */,
				F61EE047297AAD3300ED0423 /* Frameworks */,
				F61EE048297AAD3300ED0423 /* Resources */,
			);
			buildRules = (
			);
			dependencies = (
				F61EE04C297AAD3300ED0423 /* PBXTargetDependency */,
			);
			name = "Slot Machine GameTests";
			productName = "Slot Machine GameTests";
			productReference = F61EE04A297AAD3300ED0423 /* Slot Machine GameTests.xctest */;
			productType = "com.apple.product-type.bundle.unit-test";
		};
		F61EE053297AAD3300ED0423 /* Slot Machine GameUITests */ = {
			isa = PBXNativeTarget;
			buildConfigurationList = F61EE064297AAD3300ED0423 /* Build configuration list for PBXNativeTarget "Slot Machine GameUITests" */;
			buildPhases = (
				F61EE050297AAD3300ED0423 /* Sources */,
				F61EE051297AAD3300ED0423 /* Frameworks */,
				F61EE052297AAD3300ED0423 /* Resources */,
			);
			buildRules = (
			);
			dependencies = (
				F61EE056297AAD3300ED0423 /* PBXTargetDependency */,
			);
			name = "Slot Machine GameUITests";
			productName = "Slot Machine GameUITests";
			productReference = F61EE054297AAD3300ED0423 /* Slot Machine GameUITests.xctest */;
			productType = "com.apple.product-type.bundle.ui-testing";
		};
/* End PBXNativeTarget section */

/* Begin PBXProject section */
		F61EE029297AAD3200ED0423 /* Project object */ = {
			isa = PBXProject;
			attributes = {
				BuildIndependentTargetsInParallel = 1;
				LastSwiftUpdateCheck = 1420;
				LastUpgradeCheck = 1420;
				TargetAttributes = {
					F61EE030297AAD3200ED0423 = {
						CreatedOnToolsVersion = 14.2;
					};
					F61EE049297AAD3300ED0423 = {
						CreatedOnToolsVersion = 14.2;
						TestTargetID = F61EE030297AAD3200ED0423;
					};
					F61EE053297AAD3300ED0423 = {
						CreatedOnToolsVersion = 14.2;
						TestTargetID = F61EE030297AAD3200ED0423;
					};
				};
			};
			buildConfigurationList = F61EE02C297AAD3200ED0423 /* Build configuration list for PBXProject "Slot Machine Game" */;
			compatibilityVersion = "Xcode 14.0";
			developmentRegion = en;
			hasScannedForEncodings = 0;
			knownRegions = (
				en,
				Base,
			);
			mainGroup = F61EE028297AAD3200ED0423;
			productRefGroup = F61EE032297AAD3200ED0423 /* Products */;
			projectDirPath = "";
			projectRoot = "";
			targets = (
				F61EE030297AAD3200ED0423 /* Slot Machine Game */,
				F61EE049297AAD3300ED0423 /* Slot Machine GameTests */,
				F61EE053297AAD3300ED0423 /* Slot Machine GameUITests */,
			);
		};
/* End PBXProject section */

/* Begin PBXResourcesBuildPhase section */
		F61EE02F297AAD3200ED0423 /* Resources */ = {
			isa = PBXResourcesBuildPhase;
			buildActionMask = 2147483647;
			files = (
				F61EE040297AAD3200ED0423 /* Main.storyboard in Resources */,
				F61EE07E297BA5AA00ED0423 /* CuteFont-Regular.ttf in Resources */,
				F61EE042297AAD3300ED0423 /* Assets.xcassets in Resources */,
				F61EE07C297B93B700ED0423 /* Rye-Regular.ttf in Resources */,
				F61EE045297AAD3300ED0423 /* LaunchScreen.storyboard in Resources */,
			);
			runOnlyForDeploymentPostprocessing = 0;
		};
		F61EE048297AAD3300ED0423 /* Resources */ = {
			isa = PBXResourcesBuildPhase;
			buildActionMask = 2147483647;
			files = (
			);
			runOnlyForDeploymentPostprocessing = 0;
		};
		F61EE052297AAD3300ED0423 /* Resources */ = {
			isa = PBXResourcesBuildPhase;
			buildActionMask = 2147483647;
			files = (
			);
			runOnlyForDeploymentPostprocessing = 0;
		};
/* End PBXResourcesBuildPhase section */

/* Begin PBXSourcesBuildPhase section */
		F61EE02D297AAD3200ED0423 /* Sources */ = {
			isa = PBXSourcesBuildPhase;
			buildActionMask = 2147483647;
			files = (
				F61EE03B297AAD3200ED0423 /* GameScene.swift in Sources */,
				F61EE06C297AC0EF00ED0423 /* JackpotNode.swift in Sources */,
				F61EE07B297B8C3C00ED0423 /* InputNode.swift in Sources */,
				F61EE08C297CE7D700ED0423 /* SlotMachine.swift in Sources */,
				F61EE075297B3E0000ED0423 /* SlotNode.swift in Sources */,
				F61EE087297BCC1800ED0423 /* QuitButtonNode.swift in Sources */,
				F61EE079297B879100ED0423 /* InfoNode.swift in Sources */,
				F61EE080297BBBCD00ED0423 /* SpinButtonNode.swift in Sources */,
				F61EE083297BC21800ED0423 /* SpinButtonNodeDelegate.swift in Sources */,
				F61EE073297ACE3200ED0423 /* SkLabelNodeExtension.swift in Sources */,
				F61EE090297D36EF00ED0423 /* MessageNodeDelegate.swift in Sources */,
				F61EE06A297AB7AE00ED0423 /* BackgroundNode.swift in Sources */,
				F61EE08E297D2E1800ED0423 /* MessageNode.swift in Sources */,
				F61EE077297B3E4C00ED0423 /* SlotReelNode.swift in Sources */,
				F61EE03D297AAD3200ED0423 /* GameViewController.swift in Sources */,
				F61EE085297BC61700ED0423 /* StringExtension.swift in Sources */,
				F61EE089297BCEF900ED0423 /* ResetButtonNode.swift in Sources */,
				F61EE035297AAD3200ED0423 /* AppDelegate.swift in Sources */,
			);
			runOnlyForDeploymentPostprocessing = 0;
		};
		F61EE046297AAD3300ED0423 /* Sources */ = {
			isa = PBXSourcesBuildPhase;
			buildActionMask = 2147483647;
			files = (
				F61EE04F297AAD3300ED0423 /* Slot_Machine_GameTests.swift in Sources */,
			);
			runOnlyForDeploymentPostprocessing = 0;
		};
		F61EE050297AAD3300ED0423 /* Sources */ = {
			isa = PBXSourcesBuildPhase;
			buildActionMask = 2147483647;
			files = (
				F61EE05B297AAD3300ED0423 /* Slot_Machine_GameUITestsLaunchTests.swift in Sources */,
				F61EE059297AAD3300ED0423 /* Slot_Machine_GameUITests.swift in Sources */,
			);
			runOnlyForDeploymentPostprocessing = 0;
		};
/* End PBXSourcesBuildPhase section */

/* Begin PBXTargetDependency section */
		F61EE04C297AAD3300ED0423 /* PBXTargetDependency */ = {
			isa = PBXTargetDependency;
			target = F61EE030297AAD3200ED0423 /* Slot Machine Game */;
			targetProxy = F61EE04B297AAD3300ED0423 /* PBXContainerItemProxy */;
		};
		F61EE056297AAD3300ED0423 /* PBXTargetDependency */ = {
			isa = PBXTargetDependency;
			target = F61EE030297AAD3200ED0423 /* Slot Machine Game */;
			targetProxy = F61EE055297AAD3300ED0423 /* PBXContainerItemProxy */;
		};
/* End PBXTargetDependency section */

/* Begin PBXVariantGroup section */
		F61EE03E297AAD3200ED0423 /* Main.storyboard */ = {
			isa = PBXVariantGroup;
			children = (
				F61EE03F297AAD3200ED0423 /* Base */,
			);
			name = Main.storyboard;
			sourceTree = "<group>";
		};
		F61EE043297AAD3300ED0423 /* LaunchScreen.storyboard */ = {
			isa = PBXVariantGroup;
			children = (
				F61EE044297AAD3300ED0423 /* Base */,
			);
			name = LaunchScreen.storyboard;
			sourceTree = "<group>";
		};
/* End PBXVariantGroup section */

/* Begin XCBuildConfiguration section */
		F61EE05C297AAD3300ED0423 /* Debug */ = {
			isa = XCBuildConfiguration;
			buildSettings = {
				ALWAYS_SEARCH_USER_PATHS = NO;
				CLANG_ANALYZER_NONNULL = YES;
				CLANG_ANALYZER_NUMBER_OBJECT_CONVERSION = YES_AGGRESSIVE;
				CLANG_CXX_LANGUAGE_STANDARD = "gnu++20";
				CLANG_ENABLE_MODULES = YES;
				CLANG_ENABLE_OBJC_ARC = YES;
				CLANG_ENABLE_OBJC_WEAK = YES;
				CLANG_WARN_BLOCK_CAPTURE_AUTORELEASING = YES;
				CLANG_WARN_BOOL_CONVERSION = YES;
				CLANG_WARN_COMMA = YES;
				CLANG_WARN_CONSTANT_CONVERSION = YES;
				CLANG_WARN_DEPRECATED_OBJC_IMPLEMENTATIONS = YES;
				CLANG_WARN_DIRECT_OBJC_ISA_USAGE = YES_ERROR;
				CLANG_WARN_DOCUMENTATION_COMMENTS = YES;
				CLANG_WARN_EMPTY_BODY = YES;
				CLANG_WARN_ENUM_CONVERSION = YES;
				CLANG_WARN_INFINITE_RECURSION = YES;
				CLANG_WARN_INT_CONVERSION = YES;
				CLANG_WARN_NON_LITERAL_NULL_CONVERSION = YES;
				CLANG_WARN_OBJC_IMPLICIT_RETAIN_SELF = YES;
				CLANG_WARN_OBJC_LITERAL_CONVERSION = YES;
				CLANG_WARN_OBJC_ROOT_CLASS = YES_ERROR;
				CLANG_WARN_QUOTED_INCLUDE_IN_FRAMEWORK_HEADER = YES;
				CLANG_WARN_RANGE_LOOP_ANALYSIS = YES;
				CLANG_WARN_STRICT_PROTOTYPES = YES;
				CLANG_WARN_SUSPICIOUS_MOVE = YES;
				CLANG_WARN_UNGUARDED_AVAILABILITY = YES_AGGRESSIVE;
				CLANG_WARN_UNREACHABLE_CODE = YES;
				CLANG_WARN__DUPLICATE_METHOD_MATCH = YES;
				COPY_PHASE_STRIP = NO;
				DEBUG_INFORMATION_FORMAT = dwarf;
				ENABLE_STRICT_OBJC_MSGSEND = YES;
				ENABLE_TESTABILITY = YES;
				GCC_C_LANGUAGE_STANDARD = gnu11;
				GCC_DYNAMIC_NO_PIC = NO;
				GCC_NO_COMMON_BLOCKS = YES;
				GCC_OPTIMIZATION_LEVEL = 0;
				GCC_PREPROCESSOR_DEFINITIONS = (
					"DEBUG=1",
					"$(inherited)",
				);
				GCC_WARN_64_TO_32_BIT_CONVERSION = YES;
				GCC_WARN_ABOUT_RETURN_TYPE = YES_ERROR;
				GCC_WARN_UNDECLARED_SELECTOR = YES;
				GCC_WARN_UNINITIALIZED_AUTOS = YES_AGGRESSIVE;
				GCC_WARN_UNUSED_FUNCTION = YES;
				GCC_WARN_UNUSED_VARIABLE = YES;
				IPHONEOS_DEPLOYMENT_TARGET = 16.2;
				MTL_ENABLE_DEBUG_INFO = INCLUDE_SOURCE;
				MTL_FAST_MATH = YES;
				ONLY_ACTIVE_ARCH = YES;
				SDKROOT = iphoneos;
				SWIFT_ACTIVE_COMPILATION_CONDITIONS = DEBUG;
				SWIFT_OPTIMIZATION_LEVEL = "-Onone";
			};
			name = Debug;
		};
		F61EE05D297AAD3300ED0423 /* Release */ = {
			isa = XCBuildConfiguration;
			buildSettings = {
				ALWAYS_SEARCH_USER_PATHS = NO;
				CLANG_ANALYZER_NONNULL = YES;
				CLANG_ANALYZER_NUMBER_OBJECT_CONVERSION = YES_AGGRESSIVE;
				CLANG_CXX_LANGUAGE_STANDARD = "gnu++20";
				CLANG_ENABLE_MODULES = YES;
				CLANG_ENABLE_OBJC_ARC = YES;
				CLANG_ENABLE_OBJC_WEAK = YES;
				CLANG_WARN_BLOCK_CAPTURE_AUTORELEASING = YES;
				CLANG_WARN_BOOL_CONVERSION = YES;
				CLANG_WARN_COMMA = YES;
				CLANG_WARN_CONSTANT_CONVERSION = YES;
				CLANG_WARN_DEPRECATED_OBJC_IMPLEMENTATIONS = YES;
				CLANG_WARN_DIRECT_OBJC_ISA_USAGE = YES_ERROR;
				CLANG_WARN_DOCUMENTATION_COMMENTS = YES;
				CLANG_WARN_EMPTY_BODY = YES;
				CLANG_WARN_ENUM_CONVERSION = YES;
				CLANG_WARN_INFINITE_RECURSION = YES;
				CLANG_WARN_INT_CONVERSION = YES;
				CLANG_WARN_NON_LITERAL_NULL_CONVERSION = YES;
				CLANG_WARN_OBJC_IMPLICIT_RETAIN_SELF = YES;
				CLANG_WARN_OBJC_LITERAL_CONVERSION = YES;
				CLANG_WARN_OBJC_ROOT_CLASS = YES_ERROR;
				CLANG_WARN_QUOTED_INCLUDE_IN_FRAMEWORK_HEADER = YES;
				CLANG_WARN_RANGE_LOOP_ANALYSIS = YES;
				CLANG_WARN_STRICT_PROTOTYPES = YES;
				CLANG_WARN_SUSPICIOUS_MOVE = YES;
				CLANG_WARN_UNGUARDED_AVAILABILITY = YES_AGGRESSIVE;
				CLANG_WARN_UNREACHABLE_CODE = YES;
				CLANG_WARN__DUPLICATE_METHOD_MATCH = YES;
				COPY_PHASE_STRIP = NO;
				DEBUG_INFORMATION_FORMAT = "dwarf-with-dsym";
				ENABLE_NS_ASSERTIONS = NO;
				ENABLE_STRICT_OBJC_MSGSEND = YES;
				GCC_C_LANGUAGE_STANDARD = gnu11;
				GCC_NO_COMMON_BLOCKS = YES;
				GCC_WARN_64_TO_32_BIT_CONVERSION = YES;
				GCC_WARN_ABOUT_RETURN_TYPE = YES_ERROR;
				GCC_WARN_UNDECLARED_SELECTOR = YES;
				GCC_WARN_UNINITIALIZED_AUTOS = YES_AGGRESSIVE;
				GCC_WARN_UNUSED_FUNCTION = YES;
				GCC_WARN_UNUSED_VARIABLE = YES;
				IPHONEOS_DEPLOYMENT_TARGET = 16.2;
				MTL_ENABLE_DEBUG_INFO = NO;
				MTL_FAST_MATH = YES;
				SDKROOT = iphoneos;
				SWIFT_COMPILATION_MODE = wholemodule;
				SWIFT_OPTIMIZATION_LEVEL = "-O";
				VALIDATE_PRODUCT = YES;
			};
			name = Release;
		};
		F61EE05F297AAD3300ED0423 /* Debug */ = {
			isa = XCBuildConfiguration;
			buildSettings = {
				ASSETCATALOG_COMPILER_APPICON_NAME = AppIcon;
				ASSETCATALOG_COMPILER_GLOBAL_ACCENT_COLOR_NAME = AccentColor;
				CODE_SIGN_STYLE = Automatic;
				CURRENT_PROJECT_VERSION = 1;
				DEVELOPMENT_TEAM = SS742B69L7;
				GENERATE_INFOPLIST_FILE = YES;
				INFOPLIST_FILE = "Slot-Machine-Game-Info.plist";
				INFOPLIST_KEY_UIApplicationSupportsIndirectInputEvents = YES;
				INFOPLIST_KEY_UILaunchStoryboardName = LaunchScreen;
				INFOPLIST_KEY_UIMainStoryboardFile = Main;
				INFOPLIST_KEY_UIStatusBarHidden = YES;
				INFOPLIST_KEY_UISupportedInterfaceOrientations_iPad = "UIInterfaceOrientationPortrait UIInterfaceOrientationPortraitUpsideDown UIInterfaceOrientationLandscapeLeft UIInterfaceOrientationLandscapeRight";
				INFOPLIST_KEY_UISupportedInterfaceOrientations_iPhone = "UIInterfaceOrientationPortrait UIInterfaceOrientationLandscapeLeft UIInterfaceOrientationLandscapeRight";
				IPHONEOS_DEPLOYMENT_TARGET = 16.2;
				LD_RUNPATH_SEARCH_PATHS = (
					"$(inherited)",
					"@executable_path/Frameworks",
				);
				MARKETING_VERSION = 1.0;
				PRODUCT_BUNDLE_IDENTIFIER = "ca.centennialcollege.Slot-Machine-Game";
				PRODUCT_NAME = "$(TARGET_NAME)";
				SUPPORTED_PLATFORMS = "iphoneos iphonesimulator";
				SUPPORTS_MACCATALYST = NO;
				SUPPORTS_MAC_DESIGNED_FOR_IPHONE_IPAD = NO;
				SWIFT_EMIT_LOC_STRINGS = YES;
				SWIFT_VERSION = 5.0;
				TARGETED_DEVICE_FAMILY = 1;
			};
			name = Debug;
		};
		F61EE060297AAD3300ED0423 /* Release */ = {
			isa = XCBuildConfiguration;
			buildSettings = {
				ASSETCATALOG_COMPILER_APPICON_NAME = AppIcon;
				ASSETCATALOG_COMPILER_GLOBAL_ACCENT_COLOR_NAME = AccentColor;
				CODE_SIGN_STYLE = Automatic;
				CURRENT_PROJECT_VERSION = 1;
				DEVELOPMENT_TEAM = SS742B69L7;
				GENERATE_INFOPLIST_FILE = YES;
				INFOPLIST_FILE = "Slot-Machine-Game-Info.plist";
				INFOPLIST_KEY_UIApplicationSupportsIndirectInputEvents = YES;
				INFOPLIST_KEY_UILaunchStoryboardName = LaunchScreen;
				INFOPLIST_KEY_UIMainStoryboardFile = Main;
				INFOPLIST_KEY_UIStatusBarHidden = YES;
				INFOPLIST_KEY_UISupportedInterfaceOrientations_iPad = "UIInterfaceOrientationPortrait UIInterfaceOrientationPortraitUpsideDown UIInterfaceOrientationLandscapeLeft UIInterfaceOrientationLandscapeRight";
				INFOPLIST_KEY_UISupportedInterfaceOrientations_iPhone = "UIInterfaceOrientationPortrait UIInterfaceOrientationLandscapeLeft UIInterfaceOrientationLandscapeRight";
				IPHONEOS_DEPLOYMENT_TARGET = 16.2;
				LD_RUNPATH_SEARCH_PATHS = (
					"$(inherited)",
					"@executable_path/Frameworks",
				);
				MARKETING_VERSION = 1.0;
				PRODUCT_BUNDLE_IDENTIFIER = "ca.centennialcollege.Slot-Machine-Game";
				PRODUCT_NAME = "$(TARGET_NAME)";
				SUPPORTED_PLATFORMS = "iphoneos iphonesimulator";
				SUPPORTS_MACCATALYST = NO;
				SUPPORTS_MAC_DESIGNED_FOR_IPHONE_IPAD = NO;
				SWIFT_EMIT_LOC_STRINGS = YES;
				SWIFT_VERSION = 5.0;
				TARGETED_DEVICE_FAMILY = 1;
			};
			name = Release;
		};
		F61EE062297AAD3300ED0423 /* Debug */ = {
			isa = XCBuildConfiguration;
			buildSettings = {
				ALWAYS_EMBED_SWIFT_STANDARD_LIBRARIES = YES;
				BUNDLE_LOADER = "$(TEST_HOST)";
				CODE_SIGN_STYLE = Automatic;
				CURRENT_PROJECT_VERSION = 1;
				DEVELOPMENT_TEAM = SS742B69L7;
				GENERATE_INFOPLIST_FILE = YES;
				IPHONEOS_DEPLOYMENT_TARGET = 16.2;
				MARKETING_VERSION = 1.0;
				PRODUCT_BUNDLE_IDENTIFIER = "ca.centennialcollege.Slot-Machine-GameTests";
				PRODUCT_NAME = "$(TARGET_NAME)";
				SWIFT_EMIT_LOC_STRINGS = NO;
				SWIFT_VERSION = 5.0;
				TARGETED_DEVICE_FAMILY = "1,2";
				TEST_HOST = "$(BUILT_PRODUCTS_DIR)/Slot Machine Game.app/$(BUNDLE_EXECUTABLE_FOLDER_PATH)/Slot Machine Game";
			};
			name = Debug;
		};
		F61EE063297AAD3300ED0423 /* Release */ = {
			isa = XCBuildConfiguration;
			buildSettings = {
				ALWAYS_EMBED_SWIFT_STANDARD_LIBRARIES = YES;
				BUNDLE_LOADER = "$(TEST_HOST)";
				CODE_SIGN_STYLE = Automatic;
				CURRENT_PROJECT_VERSION = 1;
				DEVELOPMENT_TEAM = SS742B69L7;
				GENERATE_INFOPLIST_FILE = YES;
				IPHONEOS_DEPLOYMENT_TARGET = 16.2;
				MARKETING_VERSION = 1.0;
				PRODUCT_BUNDLE_IDENTIFIER = "ca.centennialcollege.Slot-Machine-GameTests";
				PRODUCT_NAME = "$(TARGET_NAME)";
				SWIFT_EMIT_LOC_STRINGS = NO;
				SWIFT_VERSION = 5.0;
				TARGETED_DEVICE_FAMILY = "1,2";
				TEST_HOST = "$(BUILT_PRODUCTS_DIR)/Slot Machine Game.app/$(BUNDLE_EXECUTABLE_FOLDER_PATH)/Slot Machine Game";
			};
			name = Release;
		};
		F61EE065297AAD3300ED0423 /* Debug */ = {
			isa = XCBuildConfiguration;
			buildSettings = {
				ALWAYS_EMBED_SWIFT_STANDARD_LIBRARIES = YES;
				CODE_SIGN_STYLE = Automatic;
				CURRENT_PROJECT_VERSION = 1;
				DEVELOPMENT_TEAM = SS742B69L7;
				GENERATE_INFOPLIST_FILE = YES;
				MARKETING_VERSION = 1.0;
				PRODUCT_BUNDLE_IDENTIFIER = "ca.centennialcollege.Slot-Machine-GameUITests";
				PRODUCT_NAME = "$(TARGET_NAME)";
				SWIFT_EMIT_LOC_STRINGS = NO;
				SWIFT_VERSION = 5.0;
				TARGETED_DEVICE_FAMILY = "1,2";
				TEST_TARGET_NAME = "Slot Machine Game";
			};
			name = Debug;
		};
		F61EE066297AAD3300ED0423 /* Release */ = {
			isa = XCBuildConfiguration;
			buildSettings = {
				ALWAYS_EMBED_SWIFT_STANDARD_LIBRARIES = YES;
				CODE_SIGN_STYLE = Automatic;
				CURRENT_PROJECT_VERSION = 1;
				DEVELOPMENT_TEAM = SS742B69L7;
				GENERATE_INFOPLIST_FILE = YES;
				MARKETING_VERSION = 1.0;
				PRODUCT_BUNDLE_IDENTIFIER = "ca.centennialcollege.Slot-Machine-GameUITests";
				PRODUCT_NAME = "$(TARGET_NAME)";
				SWIFT_EMIT_LOC_STRINGS = NO;
				SWIFT_VERSION = 5.0;
				TARGETED_DEVICE_FAMILY = "1,2";
				TEST_TARGET_NAME = "Slot Machine Game";
			};
			name = Release;
		};
/* End XCBuildConfiguration section */

/* Begin XCConfigurationList section */
		F61EE02C297AAD3200ED0423 /* Build configuration list for PBXProject "Slot Machine Game" */ = {
			isa = XCConfigurationList;
			buildConfigurations = (
				F61EE05C297AAD3300ED0423 /* Debug */,
				F61EE05D297AAD3300ED0423 /* Release */,
			);
			defaultConfigurationIsVisible = 0;
			defaultConfigurationName = Release;
		};
		F61EE05E297AAD3300ED0423 /* Build configuration list for PBXNativeTarget "Slot Machine Game" */ = {
			isa = XCConfigurationList;
			buildConfigurations = (
				F61EE05F297AAD3300ED0423 /* Debug */,
				F61EE060297AAD3300ED0423 /* Release */,
			);
			defaultConfigurationIsVisible = 0;
			defaultConfigurationName = Release;
		};
		F61EE061297AAD3300ED0423 /* Build configuration list for PBXNativeTarget "Slot Machine GameTests" */ = {
			isa = XCConfigurationList;
			buildConfigurations = (
				F61EE062297AAD3300ED0423 /* Debug */,
				F61EE063297AAD3300ED0423 /* Release */,
			);
			defaultConfigurationIsVisible = 0;
			defaultConfigurationName = Release;
		};
		F61EE064297AAD3300ED0423 /* Build configuration list for PBXNativeTarget "Slot Machine GameUITests" */ = {
			isa = XCConfigurationList;
			buildConfigurations = (
				F61EE065297AAD3300ED0423 /* Debug */,
				F61EE066297AAD3300ED0423 /* Release */,
			);
			defaultConfigurationIsVisible = 0;
			defaultConfigurationName = Release;
		};
/* End XCConfigurationList section */
	};
	rootObject = F61EE029297AAD3200ED0423 /* Project object */;
}
